// !$*UTF8*$!
{
	archiveVersion = 1;
	classes = {
	};
	objectVersion = 56;
	objects = {

/* Begin PBXBuildFile section */
		F063D26FA64542C1A51D4D00 /* GymAppApp.swift in Sources */ = {isa = PBXBuildFile; fileRef = 237F55134BBF485798D60494 /* GymAppApp.swift */; };
		2B700020861E4AE88DA0D3DD /* ContentView.swift in Sources */ = {isa = PBXBuildFile; fileRef = E6DC757736E94DEBBDDCB35F /* ContentView.swift */; };
		775E60CD4D7D4D12977FF380 /* Models.swift in Sources */ = {isa = PBXBuildFile; fileRef = 9ABB17A745D248D48E497296 /* Models.swift */; };
		6A6BE5657274405A9621F1A4 /* ExerciseData.swift in Sources */ = {isa = PBXBuildFile; fileRef = E5A0928E2A10498F87ED617D /* ExerciseData.swift */; };
		63BB8D4B984B4B26829E2E17 /* Generators.swift in Sources */ = {isa = PBXBuildFile; fileRef = FB63A9612FD34A8FB026D0F9 /* Generators.swift */; };
		3F3FA334F84E4877AAC9F6FC /* OnboardingViews.swift in Sources */ = {isa = PBXBuildFile; fileRef = AB8790EDF9FD4F6EB281F7C8 /* OnboardingViews.swift */; };
		7A06CBF49B8B4AE385F16191 /* ResultViews.swift in Sources */ = {isa = PBXBuildFile; fileRef = 44B95FC3C74749AEA51A60D4 /* ResultViews.swift */; };
		0C23FE8640E9449D9CAD66FA /* Assets.xcassets in Resources */ = {isa = PBXBuildFile; fileRef = E6AB500950304AA58D87515B /* Assets.xcassets */; };
		4F67E1CF0E164D228FC19067 /* Preview Assets.xcassets in Resources */ = {isa = PBXBuildFile; fileRef = 42E5632AB8A34894A274C3A4 /* Preview Assets.xcassets */; };
		B68EB044126B4CD6BD01DB5D /* GymAppTests.swift in Sources */ = {isa = PBXBuildFile; fileRef = FEC411CBF7FF4B00B097B257 /* GymAppTests.swift */; };
/* End PBXBuildFile section */

/* Begin PBXFileReference section */
		B9EB13D6E1844D1AAE11140F /* GymApp.app */ = {isa = PBXFileReference; explicitFileType = wrapper.application; includeInIndex = 0; path = GymApp.app; sourceTree = BUILT_PRODUCTS_DIR; };
		237F55134BBF485798D60494 /* GymAppApp.swift */ = {isa = PBXFileReference; lastKnownFileType = sourcecode.swift; path = GymAppApp.swift; sourceTree = "<group>"; };
		E6DC757736E94DEBBDDCB35F /* ContentView.swift */ = {isa = PBXFileReference; lastKnownFileType = sourcecode.swift; path = ContentView.swift; sourceTree = "<group>"; };
		9ABB17A745D248D48E497296 /* Models.swift */ = {isa = PBXFileReference; lastKnownFileType = sourcecode.swift; path = Models.swift; sourceTree = "<group>"; };
		E5A0928E2A10498F87ED617D /* ExerciseData.swift */ = {isa = PBXFileReference; lastKnownFileType = sourcecode.swift; path = ExerciseData.swift; sourceTree = "<group>"; };
		FB63A9612FD34A8FB026D0F9 /* Generators.swift */ = {isa = PBXFileReference; lastKnownFileType = sourcecode.swift; path = Generators.swift; sourceTree = "<group>"; };
		AB8790EDF9FD4F6EB281F7C8 /* OnboardingViews.swift */ = {isa = PBXFileReference; lastKnownFileType = sourcecode.swift; path = OnboardingViews.swift; sourceTree = "<group>"; };
		44B95FC3C74749AEA51A60D4 /* ResultViews.swift */ = {isa = PBXFileReference; lastKnownFileType = sourcecode.swift; path = ResultViews.swift; sourceTree = "<group>"; };
		E6AB500950304AA58D87515B /* Assets.xcassets */ = {isa = PBXFileReference; lastKnownFileType = folder.assetcatalog; path = Assets.xcassets; sourceTree = "<group>"; };
		42E5632AB8A34894A274C3A4 /* Preview Assets.xcassets */ = {isa = PBXFileReference; lastKnownFileType = folder.assetcatalog; path = "Preview Assets.xcassets"; sourceTree = "<group>"; };
		D23EE87E0B8B4B1CB7500C60 /* GymAppTests.xctest */ = {isa = PBXFileReference; explicitFileType = wrapper.cfbundle; includeInIndex = 0; path = GymAppTests.xctest; sourceTree = BUILT_PRODUCTS_DIR; };
		FEC411CBF7FF4B00B097B257 /* GymAppTests.swift */ = {isa = PBXFileReference; lastKnownFileType = sourcecode.swift; path = GymAppTests.swift; sourceTree = "<group>"; };
/* End PBXFileReference section */

/* Begin PBXFrameworksBuildPhase section */
		AC6FD4E5F6AC4B13BA1F3FAE /* Frameworks */ = {
			isa = PBXFrameworksBuildPhase;
			buildActionMask = 2147483647;
			files = (
			);
			runOnlyForDeploymentPostprocessing = 0;
		};
		20464F4D537B4C828D5997FF /* Frameworks */ = {
			isa = PBXFrameworksBuildPhase;
			buildActionMask = 2147483647;
			files = (
			);
			runOnlyForDeploymentPostprocessing = 0;
		};
/* End PBXFrameworksBuildPhase section */

/* Begin PBXGroup section */
		B4A5BD4856144DF4AA675676 /* mainGroup */ = {
			isa = PBXGroup;
			children = (
				96FD07DECA3E4B01B5583626 /* GymApp */,
				C623E745ABBE4FDAB92D8E42 /* GymAppTests */,
				FE767E6F3AE24B5D91FC9EE7 /* Products */,
			);
			sourceTree = "<group>";
		};
		FE767E6F3AE24B5D91FC9EE7 /* Products */ = {
			isa = PBXGroup;
			children = (
				B9EB13D6E1844D1AAE11140F /* GymApp.app */,
				D23EE87E0B8B4B1CB7500C60 /* GymAppTests.xctest */,
			);
			name = Products;
			sourceTree = "<group>";
		};
		96FD07DECA3E4B01B5583626 /* GymApp */ = {
			isa = PBXGroup;
			children = (
				237F55134BBF485798D60494 /* GymAppApp.swift */,
				E6DC757736E94DEBBDDCB35F /* ContentView.swift */,
				9ABB17A745D248D48E497296 /* Models.swift */,
				E5A0928E2A10498F87ED617D /* ExerciseData.swift */,
				FB63A9612FD34A8FB026D0F9 /* Generators.swift */,
				AB8790EDF9FD4F6EB281F7C8 /* OnboardingViews.swift */,
				44B95FC3C74749AEA51A60D4 /* ResultViews.swift */,
				E6AB500950304AA58D87515B /* Assets.xcassets */,
				8F0D3795BF9C4C84B23C19FC /* Preview Content */,
			);
			path = GymApp;
			sourceTree = "<group>";
		};
		8F0D3795BF9C4C84B23C19FC /* Preview Content */ = {
			isa = PBXGroup;
			children = (
				42E5632AB8A34894A274C3A4 /* Preview Assets.xcassets */,
			);
			path = "Preview Content";
			sourceTree = "<group>";
		};
		C623E745ABBE4FDAB92D8E42 /* GymAppTests */ = {
			isa = PBXGroup;
			children = (
				FEC411CBF7FF4B00B097B257 /* GymAppTests.swift */,
			);
			path = GymAppTests;
			sourceTree = "<group>";
		};
/* End PBXGroup section */

/* Begin PBXNativeTarget section */
		F798B861F18D45EB829F6F90 /* GymApp */ = {
			isa = PBXNativeTarget;
			buildConfigurationList = 78ED22CE48694BD6807D2496 /* Build configuration list for PBXNativeTarget "GymApp" */;
			buildPhases = (
				C7DDCEC00DFC4C1490E16514 /* Sources */,
				1A8D10ECC48B48E6A612B466 /* Resources */,
				AC6FD4E5F6AC4B13BA1F3FAE /* Frameworks */,
			);
			buildRules = (
			);
			dependencies = (
			);
			name = GymApp;
			productName = GymApp;
			productReference = B9EB13D6E1844D1AAE11140F /* GymApp.app */;
			productType = "com.apple.product-type.application";
		};
		BE2F2BFB8560407C83A04B68 /* GymAppTests */ = {
			isa = PBXNativeTarget;
			buildConfigurationList = 67739C06CD4F437EA67022F6 /* Build configuration list for PBXNativeTarget "GymAppTests" */;
			buildPhases = (
				4490B24C23D94935B480B8A1 /* Sources */,
				ECE72DB243574BEF84D46856 /* Resources */,
				20464F4D537B4C828D5997FF /* Frameworks */,
			);
			buildRules = (
			);
			dependencies = (
			);
			name = GymAppTests;
			productName = GymAppTests;
			productReference = D23EE87E0B8B4B1CB7500C60 /* GymAppTests.xctest */;
			productType = "com.apple.product-type.bundle.unit-test";
		};
/* End PBXNativeTarget section */

/* Begin PBXProject section */
		17EA0F6B9CC14BC08E296819 /* Project object */ = {
			isa = PBXProject;
			attributes = {
				BuildIndependentTargetsInParallel = 1;
				LastSwiftUpdateCheck = 1500;
				LastUpgradeCheck = 1500;
				TargetAttributes = {
					F798B861F18D45EB829F6F90 = {
						CreatedOnToolsVersion = 15.0;
					};
					BE2F2BFB8560407C83A04B68 = {
						CreatedOnToolsVersion = 15.0;
						TestTargetID = F798B861F18D45EB829F6F90;
					};
				};
			};
			buildConfigurationList = 58AE725DC15845BCA2296355 /* Build configuration list for PBXProject "GymApp" */;
			compatibilityVersion = "Xcode 14.0";
			developmentRegion = en;
			hasScannedForEncodings = 0;
			knownRegions = (
				en,
				Base,
			);
			mainGroup = B4A5BD4856144DF4AA675676;
			productRefGroup = FE767E6F3AE24B5D91FC9EE7 /* Products */;
			projectDirPath = "";
			projectRoot = "";
			targets = (
				F798B861F18D45EB829F6F90 /* GymApp */,
				BE2F2BFB8560407C83A04B68 /* GymAppTests */,
			);
		};
/* End PBXProject section */

/* Begin PBXResourcesBuildPhase section */
		1A8D10ECC48B48E6A612B466 /* Resources */ = {
			isa = PBXResourcesBuildPhase;
			buildActionMask = 2147483647;
			files = (
				0C23FE8640E9449D9CAD66FA /* Assets.xcassets in Resources */,
				4F67E1CF0E164D228FC19067 /* Preview Assets.xcassets in Resources */,
			);
			runOnlyForDeploymentPostprocessing = 0;
		};
		ECE72DB243574BEF84D46856 /* Resources */ = {
			isa = PBXResourcesBuildPhase;
			buildActionMask = 2147483647;
			files = (
			);
			runOnlyForDeploymentPostprocessing = 0;
		};
/* End PBXResourcesBuildPhase section */

/* Begin PBXSourcesBuildPhase section */
		C7DDCEC00DFC4C1490E16514 /* Sources */ = {
			isa = PBXSourcesBuildPhase;
			buildActionMask = 2147483647;
			files = (
				F063D26FA64542C1A51D4D00 /* GymAppApp.swift in Sources */,
				2B700020861E4AE88DA0D3DD /* ContentView.swift in Sources */,
				775E60CD4D7D4D12977FF380 /* Models.swift in Sources */,
				6A6BE5657274405A9621F1A4 /* ExerciseData.swift in Sources */,
				63BB8D4B984B4B26829E2E17 /* Generators.swift in Sources */,
				3F3FA334F84E4877AAC9F6FC /* OnboardingViews.swift in Sources */,
				7A06CBF49B8B4AE385F16191 /* ResultViews.swift in Sources */,
			);
			runOnlyForDeploymentPostprocessing = 0;
		};
		4490B24C23D94935B480B8A1 /* Sources */ = {
			isa = PBXSourcesBuildPhase;
			buildActionMask = 2147483647;
			files = (
				B68EB044126B4CD6BD01DB5D /* GymAppTests.swift in Sources */,
			);
			runOnlyForDeploymentPostprocessing = 0;
		};
/* End PBXSourcesBuildPhase section */

/* Begin XCBuildConfiguration section */
		44BF56AD5D1C4D459887E629 /* Debug */ = {
			isa = XCBuildConfiguration;
			buildSettings = {
				ALWAYS_SEARCH_USER_PATHS = NO;
				ASSETCATALOG_COMPILER_GENERATE_SWIFT_ASSET_SYMBOL_EXTENSIONS = YES;
				CLANG_ANALYZER_NONNULL = YES;
				CLANG_ANALYZER_NUMBER_OBJECT_CONVERSION = YES_AGGRESSIVE;
				CLANG_CXX_LANGUAGE_STANDARD = "gnu++20";
				CLANG_ENABLE_MODULES = YES;
				CLANG_ENABLE_OBJC_ARC = YES;
				CLANG_ENABLE_OBJC_WEAK = YES;
				CLANG_WARN_BLOCK_CAPTURE_AUTORELEASING = YES;
				CLANG_WARN_BOOL_CONVERSION = YES;
				CLANG_WARN_COMMA = YES;
				CLANG_WARN_CONSTANT_CONVERSION = YES;
				CLANG_WARN_DEPRECATED_OBJC_IMPLEMENTATIONS = YES;
				CLANG_WARN_DIRECT_OBJC_ISA_USAGE = YES_ERROR;
				CLANG_WARN_DOCUMENTATION_COMMENTS = YES;
				CLANG_WARN_EMPTY_BODY = YES;
				CLANG_WARN_ENUM_CONVERSION = YES;
				CLANG_WARN_INFINITE_RECURSION = YES;
				CLANG_WARN_INT_CONVERSION = YES;
				CLANG_WARN_NON_LITERAL_NULL_CONVERSION = YES;
				CLANG_WARN_OBJC_IMPLICIT_RETAIN_SELF = YES;
				CLANG_WARN_OBJC_LITERAL_CONVERSION = YES;
				CLANG_WARN_OBJC_ROOT_CLASS = YES_ERROR;
				CLANG_WARN_QUOTED_INCLUDE_IN_FRAMEWORK_HEADER = YES;
				CLANG_WARN_RANGE_LOOP_ANALYSIS = YES;
				CLANG_WARN_STRICT_PROTOTYPES = YES;
				CLANG_WARN_SUSPICIOUS_MOVE = YES;
				CLANG_WARN_UNGUARDED_AVAILABILITY = YES_AGGRESSIVE;
				CLANG_WARN_UNREACHABLE_CODE = YES;
				CLANG_WARN__DUPLICATE_METHOD_MATCH = YES;
				COPY_PHASE_STRIP = NO;
				DEBUG_INFORMATION_FORMAT = dwarf;
				ENABLE_STRICT_OBJC_MSGSEND = YES;
				ENABLE_TESTABILITY = YES;
				ENABLE_USER_SCRIPT_SANDBOXING = YES;
				GCC_C_LANGUAGE_STANDARD = gnu17;
				GCC_DYNAMIC_NO_PIC = NO;
				GCC_NO_COMMON_BLOCKS = YES;
				GCC_OPTIMIZATION_LEVEL = 0;
				GCC_PREPROCESSOR_DEFINITIONS = (
					"DEBUG=1",
					"$(inherited)",
				);
				GCC_WARN_64_TO_32_BIT_CONVERSION = YES;
				GCC_WARN_ABOUT_RETURN_TYPE = YES_ERROR;
				GCC_WARN_UNDECLARED_SELECTOR = YES;
				GCC_WARN_UNINITIALIZED_AUTOS = YES_AGGRESSIVE;
				GCC_WARN_UNUSED_FUNCTION = YES;
				GCC_WARN_UNUSED_VARIABLE = YES;
				IPHONEOS_DEPLOYMENT_TARGET = 17.0;
				MTL_ENABLE_DEBUG_INFO = INCLUDE_SOURCE;
				MTL_FAST_MATH = YES;
				ONLY_ACTIVE_ARCH = YES;
				SDKROOT = iphoneos;
				SWIFT_ACTIVE_COMPILATION_CONDITIONS = "DEBUG $(inherited)";
				SWIFT_OPTIMIZATION_LEVEL = "-Onone";
			};
			name = Debug;
		};
		160C0ACD1A0F4B4F88C40F65 /* Release */ = {
			isa = XCBuildConfiguration;
			buildSettings = {
				ALWAYS_SEARCH_USER_PATHS = NO;
				ASSETCATALOG_COMPILER_GENERATE_SWIFT_ASSET_SYMBOL_EXTENSIONS = YES;
				CLANG_ANALYZER_NONNULL = YES;
				CLANG_ANALYZER_NUMBER_OBJECT_CONVERSION = YES_AGGRESSIVE;
				CLANG_CXX_LANGUAGE_STANDARD = "gnu++20";
				CLANG_ENABLE_MODULES = YES;
				CLANG_ENABLE_OBJC_ARC = YES;
				CLANG_ENABLE_OBJC_WEAK = YES;
				CLANG_WARN_BLOCK_CAPTURE_AUTORELEASING = YES;
				CLANG_WARN_BOOL_CONVERSION = YES;
				CLANG_WARN_COMMA = YES;
				CLANG_WARN_CONSTANT_CONVERSION = YES;
				CLANG_WARN_DEPRECATED_OBJC_IMPLEMENTATIONS = YES;
				CLANG_WARN_DIRECT_OBJC_ISA_USAGE = YES_ERROR;
				CLANG_WARN_DOCUMENTATION_COMMENTS = YES;
				CLANG_WARN_EMPTY_BODY = YES;
				CLANG_WARN_ENUM_CONVERSION = YES;
				CLANG_WARN_INFINITE_RECURSION = YES;
				CLANG_WARN_INT_CONVERSION = YES;
				CLANG_WARN_NON_LITERAL_NULL_CONVERSION = YES;
				CLANG_WARN_OBJC_IMPLICIT_RETAIN_SELF = YES;
				CLANG_WARN_OBJC_LITERAL_CONVERSION = YES;
				CLANG_WARN_OBJC_ROOT_CLASS = YES_ERROR;
				CLANG_WARN_QUOTED_INCLUDE_IN_FRAMEWORK_HEADER = YES;
				CLANG_WARN_RANGE_LOOP_ANALYSIS = YES;
				CLANG_WARN_STRICT_PROTOTYPES = YES;
				CLANG_WARN_SUSPICIOUS_MOVE = YES;
				CLANG_WARN_UNGUARDED_AVAILABILITY = YES_AGGRESSIVE;
				CLANG_WARN_UNREACHABLE_CODE = YES;
				CLANG_WARN__DUPLICATE_METHOD_MATCH = YES;
				COPY_PHASE_STRIP = NO;
				DEBUG_INFORMATION_FORMAT = "dwarf-with-dsym";
				ENABLE_NS_ASSERTIONS = NO;
				ENABLE_STRICT_OBJC_MSGSEND = YES;
				ENABLE_USER_SCRIPT_SANDBOXING = YES;
				GCC_C_LANGUAGE_STANDARD = gnu17;
				GCC_NO_COMMON_BLOCKS = YES;
				GCC_WARN_64_TO_32_BIT_CONVERSION = YES;
				GCC_WARN_ABOUT_RETURN_TYPE = YES_ERROR;
				GCC_WARN_UNDECLARED_SELECTOR = YES;
				GCC_WARN_UNINITIALIZED_AUTOS = YES_AGGRESSIVE;
				GCC_WARN_UNUSED_FUNCTION = YES;
				GCC_WARN_UNUSED_VARIABLE = YES;
				IPHONEOS_DEPLOYMENT_TARGET = 17.0;
				MTL_FAST_MATH = YES;
				SDKROOT = iphoneos;
				SWIFT_COMPILATION_MODE = wholemodule;
				VALIDATE_PRODUCT = YES;
			};
			name = Release;
		};
		EAF6A7EBA34949038FCB938F /* Debug */ = {
			isa = XCBuildConfiguration;
			buildSettings = {
				ASSETCATALOG_COMPILER_APPICON_NAME = AppIcon;
				ASSETCATALOG_COMPILER_GLOBAL_ACCENT_COLOR_NAME = AccentColor;
				CODE_SIGN_STYLE = Automatic;
				CURRENT_PROJECT_VERSION = 1;
				DEVELOPMENT_ASSET_PATHS = "\"GymApp/Preview Content\"";
				ENABLE_PREVIEWS = YES;
				GENERATE_INFOPLIST_FILE = YES;
				INFOPLIST_KEY_UIApplicationSceneManifest_Generation = YES;
				INFOPLIST_KEY_UIApplicationSupportsIndirectInputEvents = YES;
				INFOPLIST_KEY_UILaunchScreen_Generation = YES;
				INFOPLIST_KEY_UISupportedInterfaceOrientations_iPad = "UIInterfaceOrientationPortrait UIInterfaceOrientationPortraitUpsideDown UIInterfaceOrientationLandscapeLeft UIInterfaceOrientationLandscapeRight";
				INFOPLIST_KEY_UISupportedInterfaceOrientations_iPhone = "UIInterfaceOrientationPortrait UIInterfaceOrientationLandscapeLeft UIInterfaceOrientationLandscapeRight";
				LD_RUNPATH_SEARCH_PATHS = (
					"$(inherited)",
					"@executable_path/Frameworks",
				);
				MARKETING_VERSION = 1.0;
				PRODUCT_BUNDLE_IDENTIFIER = com.gymapp.GymApp;
				PRODUCT_NAME = "$(TARGET_NAME)";
				SWIFT_EMIT_LOC_STRINGS = YES;
				SWIFT_VERSION = 5.0;
				TARGETED_DEVICE_FAMILY = "1,2";
			};
			name = Debug;
		};
		2C4A72305B3A472AB696827C /* Release */ = {
			isa = XCBuildConfiguration;
			buildSettings = {
				ASSETCATALOG_COMPILER_APPICON_NAME = AppIcon;
				ASSETCATALOG_COMPILER_GLOBAL_ACCENT_COLOR_NAME = AccentColor;
				CODE_SIGN_STYLE = Automatic;
				CURRENT_PROJECT_VERSION = 1;
				DEVELOPMENT_ASSET_PATHS = "\"GymApp/Preview Content\"";
				ENABLE_PREVIEWS = YES;
				GENERATE_INFOPLIST_FILE = YES;
				INFOPLIST_KEY_UIApplicationSceneManifest_Generation = YES;
				INFOPLIST_KEY_UIApplicationSupportsIndirectInputEvents = YES;
				INFOPLIST_KEY_UILaunchScreen_Generation = YES;
				INFOPLIST_KEY_UISupportedInterfaceOrientations_iPad = "UIInterfaceOrientationPortrait UIInterfaceOrientationPortraitUpsideDown UIInterfaceOrientationLandscapeLeft UIInterfaceOrientationLandscapeRight";
				INFOPLIST_KEY_UISupportedInterfaceOrientations_iPhone = "UIInterfaceOrientationPortrait UIInterfaceOrientationLandscapeLeft UIInterfaceOrientationLandscapeRight";
				LD_RUNPATH_SEARCH_PATHS = (
					"$(inherited)",
					"@executable_path/Frameworks",
				);
				MARKETING_VERSION = 1.0;
				PRODUCT_BUNDLE_IDENTIFIER = com.gymapp.GymApp;
				PRODUCT_NAME = "$(TARGET_NAME)";
				SWIFT_EMIT_LOC_STRINGS = YES;
				SWIFT_VERSION = 5.0;
				TARGETED_DEVICE_FAMILY = "1,2";
			};
			name = Release;
		};
		DFBC7EF49C8742498B1F33EC /* Debug */ = {
			isa = XCBuildConfiguration;
			buildSettings = {
				BUNDLE_LOADER = "$(TEST_HOST)";
				CODE_SIGN_STYLE = Automatic;
				CURRENT_PROJECT_VERSION = 1;
				GENERATE_INFOPLIST_FILE = YES;
				IPHONEOS_DEPLOYMENT_TARGET = 17.0;
				MARKETING_VERSION = 1.0;
				PRODUCT_BUNDLE_IDENTIFIER = com.gymapp.GymAppTests;
				PRODUCT_NAME = "$(TARGET_NAME)";
				SWIFT_EMIT_LOC_STRINGS = NO;
				SWIFT_VERSION = 5.0;
				TARGETED_DEVICE_FAMILY = "1,2";
				TEST_HOST = "$(BUILT_PRODUCTS_DIR)/GymApp.app/$(BUNDLE_EXECUTABLE_FOLDER_PATH)/GymApp";
			};
			name = Debug;
		};
		083E10A8DD6D40B283DA6116 /* Release */ = {
			isa = XCBuildConfiguration;
			buildSettings = {
				BUNDLE_LOADER = "$(TEST_HOST)";
				CODE_SIGN_STYLE = Automatic;
				CURRENT_PROJECT_VERSION = 1;
				GENERATE_INFOPLIST_FILE = YES;
				IPHONEOS_DEPLOYMENT_TARGET = 17.0;
				MARKETING_VERSION = 1.0;
				PRODUCT_BUNDLE_IDENTIFIER = com.gymapp.GymAppTests;
				PRODUCT_NAME = "$(TARGET_NAME)";
				SWIFT_EMIT_LOC_STRINGS = NO;
				SWIFT_VERSION = 5.0;
				TARGETED_DEVICE_FAMILY = "1,2";
				TEST_HOST = "$(BUILT_PRODUCTS_DIR)/GymApp.app/$(BUNDLE_EXECUTABLE_FOLDER_PATH)/GymApp";
			};
			name = Release;
		};
/* End XCBuildConfiguration section */

/* Begin XCConfigurationList section */
		58AE725DC15845BCA2296355 /* Build configuration list for PBXProject "GymApp" */ = {
			isa = XCConfigurationList;
			buildConfigurations = (
				44BF56AD5D1C4D459887E629 /* Debug */,
				160C0ACD1A0F4B4F88C40F65 /* Release */,
			);
			defaultConfigurationIsVisible = 0;
			defaultConfigurationName = Release;
		};
		78ED22CE48694BD6807D2496 /* Build configuration list for PBXNativeTarget "GymApp" */ = {
			isa = XCConfigurationList;
			buildConfigurations = (
				EAF6A7EBA34949038FCB938F /* Debug */,
				2C4A72305B3A472AB696827C /* Release */,
			);
			defaultConfigurationIsVisible = 0;
			defaultConfigurationName = Release;
		};
		67739C06CD4F437EA67022F6 /* Build configuration list for PBXNativeTarget "GymAppTests" */ = {
			isa = XCConfigurationList;
			buildConfigurations = (
				DFBC7EF49C8742498B1F33EC /* Debug */,
				083E10A8DD6D40B283DA6116 /* Release */,
			);
			defaultConfigurationIsVisible = 0;
			defaultConfigurationName = Release;
		};
/* End XCConfigurationList section */

	};
	rootObject = 17EA0F6B9CC14BC08E296819 /* Project object */;
}
